
Microsoft Visual Studio Solution File, Format Version 12.00
# Visual Studio Version 17
VisualStudioVersion = 17.4.33110.190
MinimumVisualStudioVersion = 10.0.40219.1
Project("{9A19103F-16F7-4668-BE54-9A1E7A4F7556}") = "BuildingWorksServer", "BuildingWorksServer\BuildingWorksServer.csproj", "{DDBF795B-28F5-46C2-BEF2-6B8451763748}"
EndProject
Project("{9A19103F-16F7-4668-BE54-9A1E7A4F7556}") = "BuildingWorks.Infrastructure", "BuildingWorks.Infrastructure\BuildingWorks.Infrastructure.csproj", "{A0F6D110-CEFC-47EF-AD2B-581148EEC241}"
EndProject
Project("{9A19103F-16F7-4668-BE54-9A1E7A4F7556}") = "BuildingWorks.Common", "BuildingWorks.Common\BuildingWorks.Common.csproj", "{5F302EE8-5F1B-4A75-86D8-E943B1147893}"
EndProject
Project("{9A19103F-16F7-4668-BE54-9A1E7A4F7556}") = "BuildingWorks.Repositories", "BuildingWorks.Repositories\BuildingWorks.Repositories.csproj", "{A1EEF5A4-9553-4DB3-ADD3-1488ED4FCDA4}"
EndProject
Project("{9A19103F-16F7-4668-BE54-9A1E7A4F7556}") = "BuildingWorks.Models", "BuildingWorks.Models\BuildingWorks.Models.csproj", "{1A60E70D-6BDE-4370-9230-693369B6C967}"
EndProject
Project("{9A19103F-16F7-4668-BE54-9A1E7A4F7556}") = "BuildingWorks.Profiles", "BuildingWorks.Profiles\BuildingWorks.Profiles.csproj", "{08EDD0A9-BFAB-44A8-AA39-78EC7993C5D4}"
EndProject
Project("{9A19103F-16F7-4668-BE54-9A1E7A4F7556}") = "BuildingWorks.Services", "BuildingWorks.Services\BuildingWorks.Services.csproj", "{5C537C14-3444-47A0-9039-3B10D4F1A0DB}"
EndProject
Project("{FAE04EC0-301F-11D3-BF4B-00C04F79EFBC}") = "BuildingWorks.Validation", "BuildingWorks.Validation\BuildingWorks.Validation.csproj", "{33A14878-1A51-44B1-B017-15EB19322694}"
EndProject
Global
	GlobalSection(SolutionConfigurationPlatforms) = preSolution
		Debug|Any CPU = Debug|Any CPU
		Release|Any CPU = Release|Any CPU
	EndGlobalSection
	GlobalSection(ProjectConfigurationPlatforms) = postSolution
		{DDBF795B-28F5-46C2-BEF2-6B8451763748}.Debug|Any CPU.ActiveCfg = Debug|Any CPU
		{DDBF795B-28F5-46C2-BEF2-6B8451763748}.Debug|Any CPU.Build.0 = Debug|Any CPU
		{DDBF795B-28F5-46C2-BEF2-6B8451763748}.Release|Any CPU.ActiveCfg = Release|Any CPU
		{DDBF795B-28F5-46C2-BEF2-6B8451763748}.Release|Any CPU.Build.0 = Release|Any CPU
		{A0F6D110-CEFC-47EF-AD2B-581148EEC241}.Debug|Any CPU.ActiveCfg = Debug|Any CPU
		{A0F6D110-CEFC-47EF-AD2B-581148EEC241}.Debug|Any CPU.Build.0 = Debug|Any CPU
		{A0F6D110-CEFC-47EF-AD2B-581148EEC241}.Release|Any CPU.ActiveCfg = Release|Any CPU
		{A0F6D110-CEFC-47EF-AD2B-581148EEC241}.Release|Any CPU.Build.0 = Release|Any CPU
		{5F302EE8-5F1B-4A75-86D8-E943B1147893}.Debug|Any CPU.ActiveCfg = Debug|Any CPU
		{5F302EE8-5F1B-4A75-86D8-E943B1147893}.Debug|Any CPU.Build.0 = Debug|Any CPU
		{5F302EE8-5F1B-4A75-86D8-E943B1147893}.Release|Any CPU.ActiveCfg = Release|Any CPU
		{5F302EE8-5F1B-4A75-86D8-E943B1147893}.Release|Any CPU.Build.0 = Release|Any CPU
		{A1EEF5A4-9553-4DB3-ADD3-1488ED4FCDA4}.Debug|Any CPU.ActiveCfg = Debug|Any CPU
		{A1EEF5A4-9553-4DB3-ADD3-1488ED4FCDA4}.Debug|Any CPU.Build.0 = Debug|Any CPU
		{A1EEF5A4-9553-4DB3-ADD3-1488ED4FCDA4}.Release|Any CPU.ActiveCfg = Release|Any CPU
		{A1EEF5A4-9553-4DB3-ADD3-1488ED4FCDA4}.Release|Any CPU.Build.0 = Release|Any CPU
		{1A60E70D-6BDE-4370-9230-693369B6C967}.Debug|Any CPU.ActiveCfg = Debug|Any CPU
		{1A60E70D-6BDE-4370-9230-693369B6C967}.Debug|Any CPU.Build.0 = Debug|Any CPU
		{1A60E70D-6BDE-4370-9230-693369B6C967}.Release|Any CPU.ActiveCfg = Release|Any CPU
		{1A60E70D-6BDE-4370-9230-693369B6C967}.Release|Any CPU.Build.0 = Release|Any CPU
		{08EDD0A9-BFAB-44A8-AA39-78EC7993C5D4}.Debug|Any CPU.ActiveCfg = Debug|Any CPU
		{08EDD0A9-BFAB-44A8-AA39-78EC7993C5D4}.Debug|Any CPU.Build.0 = Debug|Any CPU
		{08EDD0A9-BFAB-44A8-AA39-78EC7993C5D4}.Release|Any CPU.ActiveCfg = Release|Any CPU
		{08EDD0A9-BFAB-44A8-AA39-78EC7993C5D4}.Release|Any CPU.Build.0 = Release|Any CPU
		{5C537C14-3444-47A0-9039-3B10D4F1A0DB}.Debug|Any CPU.ActiveCfg = Debug|Any CPU
		{5C537C14-3444-47A0-9039-3B10D4F1A0DB}.Debug|Any CPU.Build.0 = Debug|Any CPU
		{5C537C14-3444-47A0-9039-3B10D4F1A0DB}.Release|Any CPU.ActiveCfg = Release|Any CPU
		{5C537C14-3444-47A0-9039-3B10D4F1A0DB}.Release|Any CPU.Build.0 = Release|Any CPU
		{33A14878-1A51-44B1-B017-15EB19322694}.Debug|Any CPU.ActiveCfg = Debug|Any CPU
		{33A14878-1A51-44B1-B017-15EB19322694}.Debug|Any CPU.Build.0 = Debug|Any CPU
		{33A14878-1A51-44B1-B017-15EB19322694}.Release|Any CPU.ActiveCfg = Release|Any CPU
		{33A14878-1A51-44B1-B017-15EB19322694}.Release|Any CPU.Build.0 = Release|Any CPU
	EndGlobalSection
	GlobalSection(SolutionProperties) = preSolution
		HideSolutionNode = FALSE
	EndGlobalSection
	GlobalSection(ExtensibilityGlobals) = postSolution
		SolutionGuid = {FF91BF67-B5BF-43BE-99EA-5F7020DAE07B}
	EndGlobalSection
EndGlobal
